
Microsoft Visual Studio Solution File, Format Version 12.00
# Visual Studio Version 17
VisualStudioVersion = 17.5.002.0
MinimumVisualStudioVersion = 10.0.40219.1
Project("{9A19103F-16F7-4668-BE54-9A1E7A4F7556}") = "scalability-example", "scalability-example.csproj", "{8F76F290-D8D3-4A59-8F49-219CADF3E846}"
EndProject
Global
	GlobalSection(SolutionConfigurationPlatforms) = preSolution
		Debug|Any CPU = Debug|Any CPU
		Release|Any CPU = Release|Any CPU
	EndGlobalSection
	GlobalSection(ProjectConfigurationPlatforms) = postSolution
		{8F76F290-D8D3-4A59-8F49-219CADF3E846}.Debug|Any CPU.ActiveCfg = Debug|Any CPU
		{8F76F290-D8D3-4A59-8F49-219CADF3E846}.Debug|Any CPU.Build.0 = Debug|Any CPU
		{8F76F290-D8D3-4A59-8F49-219CADF3E846}.Release|Any CPU.ActiveCfg = Release|Any CPU
		{8F76F290-D8D3-4A59-8F49-219CADF3E846}.Release|Any CPU.Build.0 = Release|Any CPU
	EndGlobalSection
	GlobalSection(SolutionProperties) = preSolution
		HideSolutionNode = FALSE
	EndGlobalSection
	GlobalSection(ExtensibilityGlobals) = postSolution
		SolutionGuid = {47CABE1A-BB5B-472B-AAB5-75F483F2908D}
	EndGlobalSection
EndGlobal
